{
  "name": "Inrupt-vocab-common-rdf",
  "lockfileVersion": 2,
  "requires": true,
  "packages": {
    "": {
      "dependencies": {
        "@inrupt/vocab-common-rdf": "^0.7.4"
      }
    },
    "node_modules/@inrupt/vocab-common-rdf": {
      "version": "0.7.4",
      "resolved": "https://registry.npmjs.org/@inrupt/vocab-common-rdf/-/vocab-common-rdf-0.7.4.tgz",
      "integrity": "sha512-FS5iyRV4TA8lHr5l2H8G9Ibua7DKijeHVN8w6R4w3MZs5YI6Ydaczpuf3yqPVj73Tg5LLLxlX3I4K2cf8u1fGg==",
      "dependencies": {
        "@types/rdf-js": "^4.0.0",
        "rdf-data-factory": "^1.0.4"
      }
    },
    "node_modules/@types/node": {
      "version": "14.14.37",
      "resolved": "https://registry.npmjs.org/@types/node/-/node-14.14.37.tgz",
      "integrity": "sha512-XYmBiy+ohOR4Lh5jE379fV2IU+6Jn4g5qASinhitfyO71b/sCo6MKsMLF5tc7Zf2CE8hViVQyYSobJNke8OvUw=="
    },
    "node_modules/@types/rdf-js": {
      "version": "4.0.1",
      "resolved": "https://registry.npmjs.org/@types/rdf-js/-/rdf-js-4.0.1.tgz",
      "integrity": "sha512-S+28+3RoFI+3arls7dS813gYnhb2HiyLX+gs00rgIvCzHU93DaYajhx4tyT+XEO8SjtzZw90OF4OVdYXBwbvkQ==",
      "dependencies": {
        "@types/node": "*"
      }
    },
    "node_modules/rdf-data-factory": {
      "version": "1.0.4",
      "resolved": "https://registry.npmjs.org/rdf-data-factory/-/rdf-data-factory-1.0.4.tgz",
      "integrity": "sha512-ZIIwEkLcV7cTc+atvQFzAETFVRHz1BRe/MhdkZqYse8vxskErj8/bF/Ittc3B5c0GTyw6O3jVF2V7xBRGyRoSQ==",
      "dependencies": {
        "@types/rdf-js": "*"
      }
    }
  },
  "dependencies": {
    "@inrupt/vocab-common-rdf": {
      "version": "0.7.4",
      "resolved": "https://registry.npmjs.org/@inrupt/vocab-common-rdf/-/vocab-common-rdf-0.7.4.tgz",
      "integrity": "sha512-FS5iyRV4TA8lHr5l2H8G9Ibua7DKijeHVN8w6R4w3MZs5YI6Ydaczpuf3yqPVj73Tg5LLLxlX3I4K2cf8u1fGg==",
      "requires": {
        "@types/rdf-js": "^4.0.0",
        "rdf-data-factory": "^1.0.4"
      }
    },
    "@types/node": {
      "version": "14.14.37",
      "resolved": "https://registry.npmjs.org/@types/node/-/node-14.14.37.tgz",
      "integrity": "sha512-XYmBiy+ohOR4Lh5jE379fV2IU+6Jn4g5qASinhitfyO71b/sCo6MKsMLF5tc7Zf2CE8hViVQyYSobJNke8OvUw=="
    },
    "@types/rdf-js": {
      "version": "4.0.1",
      "resolved": "https://registry.npmjs.org/@types/rdf-js/-/rdf-js-4.0.1.tgz",
      "integrity": "sha512-S+28+3RoFI+3arls7dS813gYnhb2HiyLX+gs00rgIvCzHU93DaYajhx4tyT+XEO8SjtzZw90OF4OVdYXBwbvkQ==",
      "requires": {
        "@types/node": "*"
      }
    },
    "rdf-data-factory": {
      "version": "1.0.4",
      "resolved": "https://registry.npmjs.org/rdf-data-factory/-/rdf-data-factory-1.0.4.tgz",
      "integrity": "sha512-ZIIwEkLcV7cTc+atvQFzAETFVRHz1BRe/MhdkZqYse8vxskErj8/bF/Ittc3B5c0GTyw6O3jVF2V7xBRGyRoSQ==",
      "requires": {
        "@types/rdf-js": "*"
      }
    }
  }
}
